
Microsoft Visual Studio Solution File, Format Version 12.00
# Visual Studio Version 17
VisualStudioVersion = 17.0.31903.59
MinimumVisualStudioVersion = 10.0.40219.1
Project("{2150E333-8FDC-42A3-9474-1A3956D46DE8}") = "recam-backend-service", "recam-backend-service", "{C09E402E-C647-8934-350E-ECC9BEF44AFC}"
EndProject
Project("{FAE04EC0-301F-11D3-BF4B-00C04F79EFBC}") = "Remp.API", "recam-backend-service\Remp.API\Remp.API.csproj", "{2CC34769-5EEF-4E8B-8C6E-E8C562ABEE14}"
EndProject
Project("{FAE04EC0-301F-11D3-BF4B-00C04F79EFBC}") = "Remp.Common", "recam-backend-service\Remp.Common\Remp.Common.csproj", "{4F1AC006-6B9A-4A56-A4EA-1D69394C94DF}"
EndProject
Project("{FAE04EC0-301F-11D3-BF4B-00C04F79EFBC}") = "Remp.DataAccess", "recam-backend-service\Remp.DataAccess\Remp.DataAccess.csproj", "{520566A5-B15C-4363-845B-7777FFF16DB3}"
EndProject
Project("{FAE04EC0-301F-11D3-BF4B-00C04F79EFBC}") = "Remp.Model", "recam-backend-service\Remp.Models\Remp.Model.csproj", "{77E61359-17E4-4050-AEF7-AFE8DFBE6225}"
EndProject
Project("{FAE04EC0-301F-11D3-BF4B-00C04F79EFBC}") = "Remp.Repository", "recam-backend-service\Remp.Repository\Remp.Repository.csproj", "{A2551D54-BD93-4C6B-959C-61115F232DA5}"
EndProject
Project("{FAE04EC0-301F-11D3-BF4B-00C04F79EFBC}") = "Remp.Application", "recam-backend-service\Remp.Application\Remp.Application.csproj", "{92FC37E7-DDC1-43D0-A924-826FF88AED04}"
EndProject
Project("{FAE04EC0-301F-11D3-BF4B-00C04F79EFBC}") = "Remp.Test", "recam-backend-service\Remp.Test\Remp.Test.csproj", "{6AD4D2D5-AAFE-4640-AB41-D4B2CBD5BAD5}"
EndProject
Global
	GlobalSection(SolutionConfigurationPlatforms) = preSolution
		Debug|Any CPU = Debug|Any CPU
		Debug|x64 = Debug|x64
		Debug|x86 = Debug|x86
		Release|Any CPU = Release|Any CPU
		Release|x64 = Release|x64
		Release|x86 = Release|x86
	EndGlobalSection
	GlobalSection(ProjectConfigurationPlatforms) = postSolution
		{2CC34769-5EEF-4E8B-8C6E-E8C562ABEE14}.Debug|Any CPU.ActiveCfg = Debug|Any CPU
		{2CC34769-5EEF-4E8B-8C6E-E8C562ABEE14}.Debug|Any CPU.Build.0 = Debug|Any CPU
		{2CC34769-5EEF-4E8B-8C6E-E8C562ABEE14}.Debug|x64.ActiveCfg = Debug|Any CPU
		{2CC34769-5EEF-4E8B-8C6E-E8C562ABEE14}.Debug|x64.Build.0 = Debug|Any CPU
		{2CC34769-5EEF-4E8B-8C6E-E8C562ABEE14}.Debug|x86.ActiveCfg = Debug|Any CPU
		{2CC34769-5EEF-4E8B-8C6E-E8C562ABEE14}.Debug|x86.Build.0 = Debug|Any CPU
		{2CC34769-5EEF-4E8B-8C6E-E8C562ABEE14}.Release|Any CPU.ActiveCfg = Release|Any CPU
		{2CC34769-5EEF-4E8B-8C6E-E8C562ABEE14}.Release|Any CPU.Build.0 = Release|Any CPU
		{2CC34769-5EEF-4E8B-8C6E-E8C562ABEE14}.Release|x64.ActiveCfg = Release|Any CPU
		{2CC34769-5EEF-4E8B-8C6E-E8C562ABEE14}.Release|x64.Build.0 = Release|Any CPU
		{2CC34769-5EEF-4E8B-8C6E-E8C562ABEE14}.Release|x86.ActiveCfg = Release|Any CPU
		{2CC34769-5EEF-4E8B-8C6E-E8C562ABEE14}.Release|x86.Build.0 = Release|Any CPU
		{4F1AC006-6B9A-4A56-A4EA-1D69394C94DF}.Debug|Any CPU.ActiveCfg = Debug|Any CPU
		{4F1AC006-6B9A-4A56-A4EA-1D69394C94DF}.Debug|Any CPU.Build.0 = Debug|Any CPU
		{4F1AC006-6B9A-4A56-A4EA-1D69394C94DF}.Debug|x64.ActiveCfg = Debug|Any CPU
		{4F1AC006-6B9A-4A56-A4EA-1D69394C94DF}.Debug|x64.Build.0 = Debug|Any CPU
		{4F1AC006-6B9A-4A56-A4EA-1D69394C94DF}.Debug|x86.ActiveCfg = Debug|Any CPU
		{4F1AC006-6B9A-4A56-A4EA-1D69394C94DF}.Debug|x86.Build.0 = Debug|Any CPU
		{4F1AC006-6B9A-4A56-A4EA-1D69394C94DF}.Release|Any CPU.ActiveCfg = Release|Any CPU
		{4F1AC006-6B9A-4A56-A4EA-1D69394C94DF}.Release|Any CPU.Build.0 = Release|Any CPU
		{4F1AC006-6B9A-4A56-A4EA-1D69394C94DF}.Release|x64.ActiveCfg = Release|Any CPU
		{4F1AC006-6B9A-4A56-A4EA-1D69394C94DF}.Release|x64.Build.0 = Release|Any CPU
		{4F1AC006-6B9A-4A56-A4EA-1D69394C94DF}.Release|x86.ActiveCfg = Release|Any CPU
		{4F1AC006-6B9A-4A56-A4EA-1D69394C94DF}.Release|x86.Build.0 = Release|Any CPU
		{520566A5-B15C-4363-845B-7777FFF16DB3}.Debug|Any CPU.ActiveCfg = Debug|Any CPU
		{520566A5-B15C-4363-845B-7777FFF16DB3}.Debug|Any CPU.Build.0 = Debug|Any CPU
		{520566A5-B15C-4363-845B-7777FFF16DB3}.Debug|x64.ActiveCfg = Debug|Any CPU
		{520566A5-B15C-4363-845B-7777FFF16DB3}.Debug|x64.Build.0 = Debug|Any CPU
		{520566A5-B15C-4363-845B-7777FFF16DB3}.Debug|x86.ActiveCfg = Debug|Any CPU
		{520566A5-B15C-4363-845B-7777FFF16DB3}.Debug|x86.Build.0 = Debug|Any CPU
		{520566A5-B15C-4363-845B-7777FFF16DB3}.Release|Any CPU.ActiveCfg = Release|Any CPU
		{520566A5-B15C-4363-845B-7777FFF16DB3}.Release|Any CPU.Build.0 = Release|Any CPU
		{520566A5-B15C-4363-845B-7777FFF16DB3}.Release|x64.ActiveCfg = Release|Any CPU
		{520566A5-B15C-4363-845B-7777FFF16DB3}.Release|x64.Build.0 = Release|Any CPU
		{520566A5-B15C-4363-845B-7777FFF16DB3}.Release|x86.ActiveCfg = Release|Any CPU
		{520566A5-B15C-4363-845B-7777FFF16DB3}.Release|x86.Build.0 = Release|Any CPU
		{77E61359-17E4-4050-AEF7-AFE8DFBE6225}.Debug|Any CPU.ActiveCfg = Debug|Any CPU
		{77E61359-17E4-4050-AEF7-AFE8DFBE6225}.Debug|Any CPU.Build.0 = Debug|Any CPU
		{77E61359-17E4-4050-AEF7-AFE8DFBE6225}.Debug|x64.ActiveCfg = Debug|Any CPU
		{77E61359-17E4-4050-AEF7-AFE8DFBE6225}.Debug|x64.Build.0 = Debug|Any CPU
		{77E61359-17E4-4050-AEF7-AFE8DFBE6225}.Debug|x86.ActiveCfg = Debug|Any CPU
		{77E61359-17E4-4050-AEF7-AFE8DFBE6225}.Debug|x86.Build.0 = Debug|Any CPU
		{77E61359-17E4-4050-AEF7-AFE8DFBE6225}.Release|Any CPU.ActiveCfg = Release|Any CPU
		{77E61359-17E4-4050-AEF7-AFE8DFBE6225}.Release|Any CPU.Build.0 = Release|Any CPU
		{77E61359-17E4-4050-AEF7-AFE8DFBE6225}.Release|x64.ActiveCfg = Release|Any CPU
		{77E61359-17E4-4050-AEF7-AFE8DFBE6225}.Release|x64.Build.0 = Release|Any CPU
		{77E61359-17E4-4050-AEF7-AFE8DFBE6225}.Release|x86.ActiveCfg = Release|Any CPU
		{77E61359-17E4-4050-AEF7-AFE8DFBE6225}.Release|x86.Build.0 = Release|Any CPU
		{A2551D54-BD93-4C6B-959C-61115F232DA5}.Debug|Any CPU.ActiveCfg = Debug|Any CPU
		{A2551D54-BD93-4C6B-959C-61115F232DA5}.Debug|Any CPU.Build.0 = Debug|Any CPU
		{A2551D54-BD93-4C6B-959C-61115F232DA5}.Debug|x64.ActiveCfg = Debug|Any CPU
		{A2551D54-BD93-4C6B-959C-61115F232DA5}.Debug|x64.Build.0 = Debug|Any CPU
		{A2551D54-BD93-4C6B-959C-61115F232DA5}.Debug|x86.ActiveCfg = Debug|Any CPU
		{A2551D54-BD93-4C6B-959C-61115F232DA5}.Debug|x86.Build.0 = Debug|Any CPU
		{A2551D54-BD93-4C6B-959C-61115F232DA5}.Release|Any CPU.ActiveCfg = Release|Any CPU
		{A2551D54-BD93-4C6B-959C-61115F232DA5}.Release|Any CPU.Build.0 = Release|Any CPU
		{A2551D54-BD93-4C6B-959C-61115F232DA5}.Release|x64.ActiveCfg = Release|Any CPU
		{A2551D54-BD93-4C6B-959C-61115F232DA5}.Release|x64.Build.0 = Release|Any CPU
		{A2551D54-BD93-4C6B-959C-61115F232DA5}.Release|x86.ActiveCfg = Release|Any CPU
		{A2551D54-BD93-4C6B-959C-61115F232DA5}.Release|x86.Build.0 = Release|Any CPU
		{92FC37E7-DDC1-43D0-A924-826FF88AED04}.Debug|Any CPU.ActiveCfg = Debug|Any CPU
		{92FC37E7-DDC1-43D0-A924-826FF88AED04}.Debug|Any CPU.Build.0 = Debug|Any CPU
		{92FC37E7-DDC1-43D0-A924-826FF88AED04}.Debug|x64.ActiveCfg = Debug|Any CPU
		{92FC37E7-DDC1-43D0-A924-826FF88AED04}.Debug|x64.Build.0 = Debug|Any CPU
		{92FC37E7-DDC1-43D0-A924-826FF88AED04}.Debug|x86.ActiveCfg = Debug|Any CPU
		{92FC37E7-DDC1-43D0-A924-826FF88AED04}.Debug|x86.Build.0 = Debug|Any CPU
		{92FC37E7-DDC1-43D0-A924-826FF88AED04}.Release|Any CPU.ActiveCfg = Release|Any CPU
		{92FC37E7-DDC1-43D0-A924-826FF88AED04}.Release|Any CPU.Build.0 = Release|Any CPU
		{92FC37E7-DDC1-43D0-A924-826FF88AED04}.Release|x64.ActiveCfg = Release|Any CPU
		{92FC37E7-DDC1-43D0-A924-826FF88AED04}.Release|x64.Build.0 = Release|Any CPU
		{92FC37E7-DDC1-43D0-A924-826FF88AED04}.Release|x86.ActiveCfg = Release|Any CPU
		{92FC37E7-DDC1-43D0-A924-826FF88AED04}.Release|x86.Build.0 = Release|Any CPU
		{6AD4D2D5-AAFE-4640-AB41-D4B2CBD5BAD5}.Debug|Any CPU.ActiveCfg = Debug|Any CPU
		{6AD4D2D5-AAFE-4640-AB41-D4B2CBD5BAD5}.Debug|Any CPU.Build.0 = Debug|Any CPU
		{6AD4D2D5-AAFE-4640-AB41-D4B2CBD5BAD5}.Debug|x64.ActiveCfg = Debug|Any CPU
		{6AD4D2D5-AAFE-4640-AB41-D4B2CBD5BAD5}.Debug|x64.Build.0 = Debug|Any CPU
		{6AD4D2D5-AAFE-4640-AB41-D4B2CBD5BAD5}.Debug|x86.ActiveCfg = Debug|Any CPU
		{6AD4D2D5-AAFE-4640-AB41-D4B2CBD5BAD5}.Debug|x86.Build.0 = Debug|Any CPU
		{6AD4D2D5-AAFE-4640-AB41-D4B2CBD5BAD5}.Release|Any CPU.ActiveCfg = Release|Any CPU
		{6AD4D2D5-AAFE-4640-AB41-D4B2CBD5BAD5}.Release|Any CPU.Build.0 = Release|Any CPU
		{6AD4D2D5-AAFE-4640-AB41-D4B2CBD5BAD5}.Release|x64.ActiveCfg = Release|Any CPU
		{6AD4D2D5-AAFE-4640-AB41-D4B2CBD5BAD5}.Release|x64.Build.0 = Release|Any CPU
		{6AD4D2D5-AAFE-4640-AB41-D4B2CBD5BAD5}.Release|x86.ActiveCfg = Release|Any CPU
		{6AD4D2D5-AAFE-4640-AB41-D4B2CBD5BAD5}.Release|x86.Build.0 = Release|Any CPU
	EndGlobalSection
	GlobalSection(SolutionProperties) = preSolution
		HideSolutionNode = FALSE
	EndGlobalSection
	GlobalSection(NestedProjects) = preSolution
		{2CC34769-5EEF-4E8B-8C6E-E8C562ABEE14} = {C09E402E-C647-8934-350E-ECC9BEF44AFC}
		{4F1AC006-6B9A-4A56-A4EA-1D69394C94DF} = {C09E402E-C647-8934-350E-ECC9BEF44AFC}
		{520566A5-B15C-4363-845B-7777FFF16DB3} = {C09E402E-C647-8934-350E-ECC9BEF44AFC}
		{77E61359-17E4-4050-AEF7-AFE8DFBE6225} = {C09E402E-C647-8934-350E-ECC9BEF44AFC}
		{A2551D54-BD93-4C6B-959C-61115F232DA5} = {C09E402E-C647-8934-350E-ECC9BEF44AFC}
		{92FC37E7-DDC1-43D0-A924-826FF88AED04} = {C09E402E-C647-8934-350E-ECC9BEF44AFC}
		{6AD4D2D5-AAFE-4640-AB41-D4B2CBD5BAD5} = {C09E402E-C647-8934-350E-ECC9BEF44AFC}
	EndGlobalSection
EndGlobal
